
Microsoft Visual Studio Solution File, Format Version 12.00
# Visual Studio Version 17
VisualStudioVersion = 17.1.32228.430
MinimumVisualStudioVersion = 10.0.40219.1
Project("{9A19103F-16F7-4668-BE54-9A1E7A4F7556}") = "Modul5_3", "Modul5_3\Modul5_3.csproj", "{A596F515-34C1-4C90-A9A0-878DAA1F6923}"
EndProject
Project("{9A19103F-16F7-4668-BE54-9A1E7A4F7556}") = "Modul5", "..\Modul5\Modul5\Modul5.csproj", "{7A055F7D-BA85-460E-BDE2-5AE651D4AF6F}"
EndProject
Project("{FAE04EC0-301F-11D3-BF4B-00C04F79EFBC}") = "Modul5_5", "Modul5_5\Modul5_5.csproj", "{65A906FE-5CBC-43A3-8DA4-ADEB5A519B48}"
EndProject
Project("{FAE04EC0-301F-11D3-BF4B-00C04F79EFBC}") = "Modul5_6", "Modul5_6\Modul5_6.csproj", "{14EC5704-A2B6-416C-BFB9-FD2A23C08885}"
EndProject
Global
	GlobalSection(SolutionConfigurationPlatforms) = preSolution
		Debug|Any CPU = Debug|Any CPU
		Release|Any CPU = Release|Any CPU
	EndGlobalSection
	GlobalSection(ProjectConfigurationPlatforms) = postSolution
		{A596F515-34C1-4C90-A9A0-878DAA1F6923}.Debug|Any CPU.ActiveCfg = Debug|Any CPU
		{A596F515-34C1-4C90-A9A0-878DAA1F6923}.Debug|Any CPU.Build.0 = Debug|Any CPU
		{A596F515-34C1-4C90-A9A0-878DAA1F6923}.Release|Any CPU.ActiveCfg = Release|Any CPU
		{A596F515-34C1-4C90-A9A0-878DAA1F6923}.Release|Any CPU.Build.0 = Release|Any CPU
		{7A055F7D-BA85-460E-BDE2-5AE651D4AF6F}.Debug|Any CPU.ActiveCfg = Debug|Any CPU
		{7A055F7D-BA85-460E-BDE2-5AE651D4AF6F}.Debug|Any CPU.Build.0 = Debug|Any CPU
		{7A055F7D-BA85-460E-BDE2-5AE651D4AF6F}.Release|Any CPU.ActiveCfg = Release|Any CPU
		{7A055F7D-BA85-460E-BDE2-5AE651D4AF6F}.Release|Any CPU.Build.0 = Release|Any CPU
		{65A906FE-5CBC-43A3-8DA4-ADEB5A519B48}.Debug|Any CPU.ActiveCfg = Debug|Any CPU
		{65A906FE-5CBC-43A3-8DA4-ADEB5A519B48}.Debug|Any CPU.Build.0 = Debug|Any CPU
		{65A906FE-5CBC-43A3-8DA4-ADEB5A519B48}.Release|Any CPU.ActiveCfg = Release|Any CPU
		{65A906FE-5CBC-43A3-8DA4-ADEB5A519B48}.Release|Any CPU.Build.0 = Release|Any CPU
		{14EC5704-A2B6-416C-BFB9-FD2A23C08885}.Debug|Any CPU.ActiveCfg = Debug|Any CPU
		{14EC5704-A2B6-416C-BFB9-FD2A23C08885}.Debug|Any CPU.Build.0 = Debug|Any CPU
		{14EC5704-A2B6-416C-BFB9-FD2A23C08885}.Release|Any CPU.ActiveCfg = Release|Any CPU
		{14EC5704-A2B6-416C-BFB9-FD2A23C08885}.Release|Any CPU.Build.0 = Release|Any CPU
	EndGlobalSection
	GlobalSection(SolutionProperties) = preSolution
		HideSolutionNode = FALSE
	EndGlobalSection
	GlobalSection(ExtensibilityGlobals) = postSolution
		SolutionGuid = {E93FF8EA-CD6B-4197-BD03-FF311ACA29C5}
	EndGlobalSection
EndGlobal
